
Microsoft Visual Studio Solution File, Format Version 12.00
# Visual Studio Version 18
VisualStudioVersion = 18.0.11217.181 d18.0
MinimumVisualStudioVersion = 10.0.40219.1
Project("{9A19103F-16F7-4668-BE54-9A1E7A4F7556}") = "RingSoft.ChurchLogix", "RingSoft.ChurchLogix\RingSoft.ChurchLogix.csproj", "{AB387317-9CE5-49A3-8BB7-7DD9A02FFA53}"
EndProject
Project("{9A19103F-16F7-4668-BE54-9A1E7A4F7556}") = "RingSoft.ChurchLogix.DataAccess", "RingSoft.ChurchLogix.DataAccess\RingSoft.ChurchLogix.DataAccess.csproj", "{E01F3DF9-430D-4A72-A32E-5946B2D3F610}"
EndProject
Project("{9A19103F-16F7-4668-BE54-9A1E7A4F7556}") = "RingSoft.ChurchLogix.Library", "RingSoft.ChurchLogix.Library\RingSoft.ChurchLogix.Library.csproj", "{4C5D317B-0C3F-4AB1-A623-74BBA42BC3F2}"
EndProject
Project("{9A19103F-16F7-4668-BE54-9A1E7A4F7556}") = "RingSoft.ChurchLogix.MasterData", "RingSoft.ChurchLogix.MasterData\RingSoft.ChurchLogix.MasterData.csproj", "{0ADEC1CF-1599-4206-BB4F-A697CEF603A8}"
EndProject
Project("{9A19103F-16F7-4668-BE54-9A1E7A4F7556}") = "RingSoft.ChurchLogix.Sqlite", "RingSoft.ChurchLogix.Sqlite\RingSoft.ChurchLogix.Sqlite.csproj", "{89332C60-583B-4441-A8BD-44F142F40FAE}"
EndProject
Project("{9A19103F-16F7-4668-BE54-9A1E7A4F7556}") = "RingSoft.ChurchLogix.SqlServer", "RingSoft.ChurchLogix.SqlServer\RingSoft.ChurchLogix.SqlServer.csproj", "{5EF27232-F216-4FDE-9E8E-5FC995CFEB1D}"
EndProject
Project("{9A19103F-16F7-4668-BE54-9A1E7A4F7556}") = "RingSoft.ChurchLogix.Tests", "RingSoft.ChurchLogix.Tests\RingSoft.ChurchLogix.Tests.csproj", "{0318B985-3022-4F8D-853D-B7E9504F6905}"
EndProject
Project("{FAE04EC0-301F-11D3-BF4B-00C04F79EFBC}") = "RingSoft.DbLookup", "..\RingSoft.DbLookup\RingSoft.DbLookup\RingSoft.DbLookup.csproj", "{0D2B5D40-28A7-B14F-142B-5B7D0FAEEE2E}"
EndProject
Project("{FAE04EC0-301F-11D3-BF4B-00C04F79EFBC}") = "RingSoft.DbMaintenance", "..\RingSoft.DbLookup\RingSoft.DbMaintenance\RingSoft.DbMaintenance.csproj", "{5AA508AF-5F09-4760-DAC8-CBD927D53459}"
EndProject
Project("{FAE04EC0-301F-11D3-BF4B-00C04F79EFBC}") = "RingSoft.DbLookup.Controls.WPF", "..\RingSoft.DbLookup\RingSoft.DbLookup.Controls.WPF\RingSoft.DbLookup.Controls.WPF.csproj", "{BE384BC4-324A-80A2-41F1-DD03C68857C6}"
EndProject
Global
	GlobalSection(SolutionConfigurationPlatforms) = preSolution
		Debug|Any CPU = Debug|Any CPU
		Release|Any CPU = Release|Any CPU
	EndGlobalSection
	GlobalSection(ProjectConfigurationPlatforms) = postSolution
		{AB387317-9CE5-49A3-8BB7-7DD9A02FFA53}.Debug|Any CPU.ActiveCfg = Debug|Any CPU
		{AB387317-9CE5-49A3-8BB7-7DD9A02FFA53}.Debug|Any CPU.Build.0 = Debug|Any CPU
		{AB387317-9CE5-49A3-8BB7-7DD9A02FFA53}.Release|Any CPU.ActiveCfg = Release|Any CPU
		{AB387317-9CE5-49A3-8BB7-7DD9A02FFA53}.Release|Any CPU.Build.0 = Release|Any CPU
		{E01F3DF9-430D-4A72-A32E-5946B2D3F610}.Debug|Any CPU.ActiveCfg = Debug|Any CPU
		{E01F3DF9-430D-4A72-A32E-5946B2D3F610}.Debug|Any CPU.Build.0 = Debug|Any CPU
		{E01F3DF9-430D-4A72-A32E-5946B2D3F610}.Release|Any CPU.ActiveCfg = Release|Any CPU
		{E01F3DF9-430D-4A72-A32E-5946B2D3F610}.Release|Any CPU.Build.0 = Release|Any CPU
		{4C5D317B-0C3F-4AB1-A623-74BBA42BC3F2}.Debug|Any CPU.ActiveCfg = Debug|Any CPU
		{4C5D317B-0C3F-4AB1-A623-74BBA42BC3F2}.Debug|Any CPU.Build.0 = Debug|Any CPU
		{4C5D317B-0C3F-4AB1-A623-74BBA42BC3F2}.Release|Any CPU.ActiveCfg = Release|Any CPU
		{4C5D317B-0C3F-4AB1-A623-74BBA42BC3F2}.Release|Any CPU.Build.0 = Release|Any CPU
		{0ADEC1CF-1599-4206-BB4F-A697CEF603A8}.Debug|Any CPU.ActiveCfg = Debug|Any CPU
		{0ADEC1CF-1599-4206-BB4F-A697CEF603A8}.Debug|Any CPU.Build.0 = Debug|Any CPU
		{0ADEC1CF-1599-4206-BB4F-A697CEF603A8}.Release|Any CPU.ActiveCfg = Release|Any CPU
		{0ADEC1CF-1599-4206-BB4F-A697CEF603A8}.Release|Any CPU.Build.0 = Release|Any CPU
		{89332C60-583B-4441-A8BD-44F142F40FAE}.Debug|Any CPU.ActiveCfg = Debug|Any CPU
		{89332C60-583B-4441-A8BD-44F142F40FAE}.Debug|Any CPU.Build.0 = Debug|Any CPU
		{89332C60-583B-4441-A8BD-44F142F40FAE}.Release|Any CPU.ActiveCfg = Release|Any CPU
		{89332C60-583B-4441-A8BD-44F142F40FAE}.Release|Any CPU.Build.0 = Release|Any CPU
		{5EF27232-F216-4FDE-9E8E-5FC995CFEB1D}.Debug|Any CPU.ActiveCfg = Debug|Any CPU
		{5EF27232-F216-4FDE-9E8E-5FC995CFEB1D}.Debug|Any CPU.Build.0 = Debug|Any CPU
		{5EF27232-F216-4FDE-9E8E-5FC995CFEB1D}.Release|Any CPU.ActiveCfg = Release|Any CPU
		{5EF27232-F216-4FDE-9E8E-5FC995CFEB1D}.Release|Any CPU.Build.0 = Release|Any CPU
		{0318B985-3022-4F8D-853D-B7E9504F6905}.Debug|Any CPU.ActiveCfg = Debug|Any CPU
		{0318B985-3022-4F8D-853D-B7E9504F6905}.Debug|Any CPU.Build.0 = Debug|Any CPU
		{0318B985-3022-4F8D-853D-B7E9504F6905}.Release|Any CPU.ActiveCfg = Release|Any CPU
		{0318B985-3022-4F8D-853D-B7E9504F6905}.Release|Any CPU.Build.0 = Release|Any CPU
		{0D2B5D40-28A7-B14F-142B-5B7D0FAEEE2E}.Debug|Any CPU.ActiveCfg = Debug|Any CPU
		{0D2B5D40-28A7-B14F-142B-5B7D0FAEEE2E}.Debug|Any CPU.Build.0 = Debug|Any CPU
		{0D2B5D40-28A7-B14F-142B-5B7D0FAEEE2E}.Release|Any CPU.ActiveCfg = Release|Any CPU
		{0D2B5D40-28A7-B14F-142B-5B7D0FAEEE2E}.Release|Any CPU.Build.0 = Release|Any CPU
		{5AA508AF-5F09-4760-DAC8-CBD927D53459}.Debug|Any CPU.ActiveCfg = Debug|Any CPU
		{5AA508AF-5F09-4760-DAC8-CBD927D53459}.Debug|Any CPU.Build.0 = Debug|Any CPU
		{5AA508AF-5F09-4760-DAC8-CBD927D53459}.Release|Any CPU.ActiveCfg = Release|Any CPU
		{5AA508AF-5F09-4760-DAC8-CBD927D53459}.Release|Any CPU.Build.0 = Release|Any CPU
		{BE384BC4-324A-80A2-41F1-DD03C68857C6}.Debug|Any CPU.ActiveCfg = Debug|Any CPU
		{BE384BC4-324A-80A2-41F1-DD03C68857C6}.Debug|Any CPU.Build.0 = Debug|Any CPU
		{BE384BC4-324A-80A2-41F1-DD03C68857C6}.Release|Any CPU.ActiveCfg = Release|Any CPU
		{BE384BC4-324A-80A2-41F1-DD03C68857C6}.Release|Any CPU.Build.0 = Release|Any CPU
	EndGlobalSection
	GlobalSection(SolutionProperties) = preSolution
		HideSolutionNode = FALSE
	EndGlobalSection
	GlobalSection(ExtensibilityGlobals) = postSolution
		SolutionGuid = {6B9C52D6-C618-4C1D-A295-78A732E4D5F2}
	EndGlobalSection
EndGlobal
